// !$*UTF8*$!
{
	archiveVersion = 1;
	classes = {
	};
	objectVersion = 50;
	objects = {

/* Begin PBXBuildFile section */
		29563CF159037B0BB2B7ACCC /* Pods_JobsCalendar.framework in Frameworks */ = {isa = PBXBuildFile; fileRef = E5CB386539091A654580FA5D /* Pods_JobsCalendar.framework */; };
		3569CCBE219DA71A0034628B /* AppDelegate.swift in Sources */ = {isa = PBXBuildFile; fileRef = 3569CCBD219DA71A0034628B /* AppDelegate.swift */; };
		3569CCC0219DA71A0034628B /* NavViewController.swift in Sources */ = {isa = PBXBuildFile; fileRef = 3569CCBF219DA71A0034628B /* NavViewController.swift */; };
		3569CCC3219DA71A0034628B /* Main.storyboard in Resources */ = {isa = PBXBuildFile; fileRef = 3569CCC1219DA71A0034628B /* Main.storyboard */; };
		3569CCC6219DA71A0034628B /* JobsCalendar.xcdatamodeld in Sources */ = {isa = PBXBuildFile; fileRef = 3569CCC4219DA71A0034628B /* JobsCalendar.xcdatamodeld */; };
		3569CCC8219DA71B0034628B /* Assets.xcassets in Resources */ = {isa = PBXBuildFile; fileRef = 3569CCC7219DA71B0034628B /* Assets.xcassets */; };
		3569CCCB219DA71B0034628B /* LaunchScreen.storyboard in Resources */ = {isa = PBXBuildFile; fileRef = 3569CCC9219DA71B0034628B /* LaunchScreen.storyboard */; };
		35718764219DAB9B004040FA /* ContentViewController.swift in Sources */ = {isa = PBXBuildFile; fileRef = 35718763219DAB9B004040FA /* ContentViewController.swift */; };
/* End PBXBuildFile section */

/* Begin PBXFileReference section */
		3569CCBA219DA71A0034628B /* JobsCalendar.app */ = {isa = PBXFileReference; explicitFileType = wrapper.application; includeInIndex = 0; path = JobsCalendar.app; sourceTree = BUILT_PRODUCTS_DIR; };
		3569CCBD219DA71A0034628B /* AppDelegate.swift */ = {isa = PBXFileReference; lastKnownFileType = sourcecode.swift; path = AppDelegate.swift; sourceTree = "<group>"; };
		3569CCBF219DA71A0034628B /* NavViewController.swift */ = {isa = PBXFileReference; lastKnownFileType = sourcecode.swift; path = NavViewController.swift; sourceTree = "<group>"; };
		3569CCC2219DA71A0034628B /* Base */ = {isa = PBXFileReference; lastKnownFileType = file.storyboard; name = Base; path = Base.lproj/Main.storyboard; sourceTree = "<group>"; };
		3569CCC5219DA71A0034628B /* JobsCalendar.xcdatamodel */ = {isa = PBXFileReference; lastKnownFileType = wrapper.xcdatamodel; path = JobsCalendar.xcdatamodel; sourceTree = "<group>"; };
		3569CCC7219DA71B0034628B /* Assets.xcassets */ = {isa = PBXFileReference; lastKnownFileType = folder.assetcatalog; path = Assets.xcassets; sourceTree = "<group>"; };
		3569CCCA219DA71B0034628B /* Base */ = {isa = PBXFileReference; lastKnownFileType = file.storyboard; name = Base; path = Base.lproj/LaunchScreen.storyboard; sourceTree = "<group>"; };
		3569CCCC219DA71B0034628B /* Info.plist */ = {isa = PBXFileReference; lastKnownFileType = text.plist.xml; path = Info.plist; sourceTree = "<group>"; };
		35718763219DAB9B004040FA /* ContentViewController.swift */ = {isa = PBXFileReference; lastKnownFileType = sourcecode.swift; path = ContentViewController.swift; sourceTree = "<group>"; };
		48024DBA6B9EBA9E95E147A7 /* Pods-JobsCalendar.debug.xcconfig */ = {isa = PBXFileReference; includeInIndex = 1; lastKnownFileType = text.xcconfig; name = "Pods-JobsCalendar.debug.xcconfig"; path = "Target Support Files/Pods-JobsCalendar/Pods-JobsCalendar.debug.xcconfig"; sourceTree = "<group>"; };
		5731518369700654DC7F85D9 /* Pods-JobsCalendar.release.xcconfig */ = {isa = PBXFileReference; includeInIndex = 1; lastKnownFileType = text.xcconfig; name = "Pods-JobsCalendar.release.xcconfig"; path = "Target Support Files/Pods-JobsCalendar/Pods-JobsCalendar.release.xcconfig"; sourceTree = "<group>"; };
		E5CB386539091A654580FA5D /* Pods_JobsCalendar.framework */ = {isa = PBXFileReference; explicitFileType = wrapper.framework; includeInIndex = 0; path = Pods_JobsCalendar.framework; sourceTree = BUILT_PRODUCTS_DIR; };
/* End PBXFileReference section */

/* Begin PBXFrameworksBuildPhase section */
		3569CCB7219DA71A0034628B /* Frameworks */ = {
			isa = PBXFrameworksBuildPhase;
			buildActionMask = 2147483647;
			files = (
				29563CF159037B0BB2B7ACCC /* Pods_JobsCalendar.framework in Frameworks */,
			);
			runOnlyForDeploymentPostprocessing = 0;
		};
/* End PBXFrameworksBuildPhase section */

/* Begin PBXGroup section */
		0B03DD51875DF38B048F84F8 /* Pods */ = {
			isa = PBXGroup;
			children = (
				48024DBA6B9EBA9E95E147A7 /* Pods-JobsCalendar.debug.xcconfig */,
				5731518369700654DC7F85D9 /* Pods-JobsCalendar.release.xcconfig */,
			);
			path = Pods;
			sourceTree = "<group>";
		};
		0B31EC974E4A301880F0EF5F /* Frameworks */ = {
			isa = PBXGroup;
			children = (
				E5CB386539091A654580FA5D /* Pods_JobsCalendar.framework */,
			);
			name = Frameworks;
			sourceTree = "<group>";
		};
		3569CCB1219DA71A0034628B = {
			isa = PBXGroup;
			children = (
				3569CCBC219DA71A0034628B /* JobsCalendar */,
				3569CCBB219DA71A0034628B /* Products */,
				0B03DD51875DF38B048F84F8 /* Pods */,
				0B31EC974E4A301880F0EF5F /* Frameworks */,
			);
			sourceTree = "<group>";
		};
		3569CCBB219DA71A0034628B /* Products */ = {
			isa = PBXGroup;
			children = (
				3569CCBA219DA71A0034628B /* JobsCalendar.app */,
			);
			name = Products;
			sourceTree = "<group>";
		};
		3569CCBC219DA71A0034628B /* JobsCalendar */ = {
			isa = PBXGroup;
			children = (
				3569CCBD219DA71A0034628B /* AppDelegate.swift */,
				3569CCBF219DA71A0034628B /* NavViewController.swift */,
				3569CCC1219DA71A0034628B /* Main.storyboard */,
				35718763219DAB9B004040FA /* ContentViewController.swift */,
				3569CCC7219DA71B0034628B /* Assets.xcassets */,
				3569CCC9219DA71B0034628B /* LaunchScreen.storyboard */,
				3569CCCC219DA71B0034628B /* Info.plist */,
				3569CCC4219DA71A0034628B /* JobsCalendar.xcdatamodeld */,
			);
			path = JobsCalendar;
			sourceTree = "<group>";
		};
/* End PBXGroup section */

/* Begin PBXNativeTarget section */
		3569CCB9219DA71A0034628B /* JobsCalendar */ = {
			isa = PBXNativeTarget;
			buildConfigurationList = 3569CCCF219DA71B0034628B /* Build configuration list for PBXNativeTarget "JobsCalendar" */;
			buildPhases = (
				543A1F53A1109CA75512DE92 /* [CP] Check Pods Manifest.lock */,
				3569CCB6219DA71A0034628B /* Sources */,
				3569CCB7219DA71A0034628B /* Frameworks */,
				3569CCB8219DA71A0034628B /* Resources */,
				CFF1A4B9FCECC2A5EC37A1C9 /* [CP] Embed Pods Frameworks */,
			);
			buildRules = (
			);
			dependencies = (
			);
			name = JobsCalendar;
			productName = JobsCalendar;
			productReference = 3569CCBA219DA71A0034628B /* JobsCalendar.app */;
			productType = "com.apple.product-type.application";
		};
/* End PBXNativeTarget section */

/* Begin PBXProject section */
		3569CCB2219DA71A0034628B /* Project object */ = {
			isa = PBXProject;
			attributes = {
				LastSwiftUpdateCheck = 1010;
				LastUpgradeCheck = 1010;
				ORGANIZATIONNAME = leon;
				TargetAttributes = {
					3569CCB9219DA71A0034628B = {
						CreatedOnToolsVersion = 10.1;
					};
				};
			};
			buildConfigurationList = 3569CCB5219DA71A0034628B /* Build configuration list for PBXProject "JobsCalendar" */;
			compatibilityVersion = "Xcode 9.3";
			developmentRegion = en;
			hasScannedForEncodings = 0;
			knownRegions = (
				en,
				Base,
			);
			mainGroup = 3569CCB1219DA71A0034628B;
			productRefGroup = 3569CCBB219DA71A0034628B /* Products */;
			projectDirPath = "";
			projectRoot = "";
			targets = (
				3569CCB9219DA71A0034628B /* JobsCalendar */,
			);
		};
/* End PBXProject section */

/* Begin PBXResourcesBuildPhase section */
		3569CCB8219DA71A0034628B /* Resources */ = {
			isa = PBXResourcesBuildPhase;
			buildActionMask = 2147483647;
			files = (
				3569CCCB219DA71B0034628B /* LaunchScreen.storyboard in Resources */,
				3569CCC8219DA71B0034628B /* Assets.xcassets in Resources */,
				3569CCC3219DA71A0034628B /* Main.storyboard in Resources */,
			);
			runOnlyForDeploymentPostprocessing = 0;
		};
/* End PBXResourcesBuildPhase section */

/* Begin PBXShellScriptBuildPhase section */
		543A1F53A1109CA75512DE92 /* [CP] Check Pods Manifest.lock */ = {
			isa = PBXShellScriptBuildPhase;
			buildActionMask = 2147483647;
			files = (
			);
			inputFileListPaths = (
			);
			inputPaths = (
				"${PODS_PODFILE_DIR_PATH}/Podfile.lock",
				"${PODS_ROOT}/Manifest.lock",
			);
			name = "[CP] Check Pods Manifest.lock";
			outputFileListPaths = (
			);
			outputPaths = (
				"$(DERIVED_FILE_DIR)/Pods-JobsCalendar-checkManifestLockResult.txt",
			);
			runOnlyForDeploymentPostprocessing = 0;
			shellPath = /bin/sh;
			shellScript = "diff \"${PODS_PODFILE_DIR_PATH}/Podfile.lock\" \"${PODS_ROOT}/Manifest.lock\" > /dev/null\nif [ $? != 0 ] ; then\n    # print error to STDERR\n    echo \"error: The sandbox is not in sync with the Podfile.lock. Run 'pod install' or update your CocoaPods installation.\" >&2\n    exit 1\nfi\n# This output is used by Xcode 'outputs' to avoid re-running this script phase.\necho \"SUCCESS\" > \"${SCRIPT_OUTPUT_FILE_0}\"\n";
			showEnvVarsInLog = 0;
		};
		CFF1A4B9FCECC2A5EC37A1C9 /* [CP] Embed Pods Frameworks */ = {
			isa = PBXShellScriptBuildPhase;
			buildActionMask = 2147483647;
			files = (
			);
			inputFileListPaths = (
			);
			inputPaths = (
				"${PODS_ROOT}/Target Support Files/Pods-JobsCalendar/Pods-JobsCalendar-frameworks.sh",
				"${BUILT_PRODUCTS_DIR}/FSCalendar/FSCalendar.framework",
			);
			name = "[CP] Embed Pods Frameworks";
			outputFileListPaths = (
			);
			outputPaths = (
				"${TARGET_BUILD_DIR}/${FRAMEWORKS_FOLDER_PATH}/FSCalendar.framework",
			);
			runOnlyForDeploymentPostprocessing = 0;
			shellPath = /bin/sh;
			shellScript = "\"${PODS_ROOT}/Target Support Files/Pods-JobsCalendar/Pods-JobsCalendar-frameworks.sh\"\n";
			showEnvVarsInLog = 0;
		};
/* End PBXShellScriptBuildPhase section */

/* Begin PBXSourcesBuildPhase section */
		3569CCB6219DA71A0034628B /* Sources */ = {
			isa = PBXSourcesBuildPhase;
			buildActionMask = 2147483647;
			files = (
				35718764219DAB9B004040FA /* ContentViewController.swift in Sources */,
				3569CCC0219DA71A0034628B /* NavViewController.swift in Sources */,
				3569CCBE219DA71A0034628B /* AppDelegate.swift in Sources */,
				3569CCC6219DA71A0034628B /* JobsCalendar.xcdatamodeld in Sources */,
			);
			runOnlyForDeploymentPostprocessing = 0;
		};
/* End PBXSourcesBuildPhase section */

/* Begin PBXVariantGroup section */
		3569CCC1219DA71A0034628B /* Main.storyboard */ = {
			isa = PBXVariantGroup;
			children = (
				3569CCC2219DA71A0034628B /* Base */,
			);
			name = Main.storyboard;
			sourceTree = "<group>";
		};
		3569CCC9219DA71B0034628B /* LaunchScreen.storyboard */ = {
			isa = PBXVariantGroup;
			children = (
				3569CCCA219DA71B0034628B /* Base */,
			);
			name = LaunchScreen.storyboard;
			sourceTree = "<group>";
		};
/* End PBXVariantGroup section */

/* Begin XCBuildConfiguration section */
		3569CCCD219DA71B0034628B /* Debug */ = {
			isa = XCBuildConfiguration;
			buildSettings = {
				ALWAYS_SEARCH_USER_PATHS = NO;
				CLANG_ANALYZER_NONNULL = YES;
				CLANG_ANALYZER_NUMBER_OBJECT_CONVERSION = YES_AGGRESSIVE;
				CLANG_CXX_LANGUAGE_STANDARD = "gnu++14";
				CLANG_CXX_LIBRARY = "libc++";
				CLANG_ENABLE_MODULES = YES;
				CLANG_ENABLE_OBJC_ARC = YES;
				CLANG_ENABLE_OBJC_WEAK = YES;
				CLANG_WARN_BLOCK_CAPTURE_AUTORELEASING = YES;
				CLANG_WARN_BOOL_CONVERSION = YES;
				CLANG_WARN_COMMA = YES;
				CLANG_WARN_CONSTANT_CONVERSION = YES;
				CLANG_WARN_DEPRECATED_OBJC_IMPLEMENTATIONS = YES;
				CLANG_WARN_DIRECT_OBJC_ISA_USAGE = YES_ERROR;
				CLANG_WARN_DOCUMENTATION_COMMENTS = YES;
				CLANG_WARN_EMPTY_BODY = YES;
				CLANG_WARN_ENUM_CONVERSION = YES;
				CLANG_WARN_INFINITE_RECURSION = YES;
				CLANG_WARN_INT_CONVERSION = YES;
				CLANG_WARN_NON_LITERAL_NULL_CONVERSION = YES;
				CLANG_WARN_OBJC_IMPLICIT_RETAIN_SELF = YES;
				CLANG_WARN_OBJC_LITERAL_CONVERSION = YES;
				CLANG_WARN_OBJC_ROOT_CLASS = YES_ERROR;
				CLANG_WARN_RANGE_LOOP_ANALYSIS = YES;
				CLANG_WARN_STRICT_PROTOTYPES = YES;
				CLANG_WARN_SUSPICIOUS_MOVE = YES;
				CLANG_WARN_UNGUARDED_AVAILABILITY = YES_AGGRESSIVE;
				CLANG_WARN_UNREACHABLE_CODE = YES;
				CLANG_WARN__DUPLICATE_METHOD_MATCH = YES;
				CODE_SIGN_IDENTITY = "iPhone Developer";
				COPY_PHASE_STRIP = NO;
				DEBUG_INFORMATION_FORMAT = dwarf;
				ENABLE_STRICT_OBJC_MSGSEND = YES;
				ENABLE_TESTABILITY = YES;
				GCC_C_LANGUAGE_STANDARD = gnu11;
				GCC_DYNAMIC_NO_PIC = NO;
				GCC_NO_COMMON_BLOCKS = YES;
				GCC_OPTIMIZATION_LEVEL = 0;
				GCC_PREPROCESSOR_DEFINITIONS = (
					"DEBUG=1",
					"$(inherited)",
				);
				GCC_WARN_64_TO_32_BIT_CONVERSION = YES;
				GCC_WARN_ABOUT_RETURN_TYPE = YES_ERROR;
				GCC_WARN_UNDECLARED_SELECTOR = YES;
				GCC_WARN_UNINITIALIZED_AUTOS = YES_AGGRESSIVE;
				GCC_WARN_UNUSED_FUNCTION = YES;
				GCC_WARN_UNUSED_VARIABLE = YES;
				IPHONEOS_DEPLOYMENT_TARGET = 12.1;
				MTL_ENABLE_DEBUG_INFO = INCLUDE_SOURCE;
				MTL_FAST_MATH = YES;
				ONLY_ACTIVE_ARCH = YES;
				SDKROOT = iphoneos;
				SWIFT_ACTIVE_COMPILATION_CONDITIONS = DEBUG;
				SWIFT_OPTIMIZATION_LEVEL = "-Onone";
			};
			name = Debug;
		};
		3569CCCE219DA71B0034628B /* Release */ = {
			isa = XCBuildConfiguration;
			buildSettings = {
				ALWAYS_SEARCH_USER_PATHS = NO;
				CLANG_ANALYZER_NONNULL = YES;
				CLANG_ANALYZER_NUMBER_OBJECT_CONVERSION = YES_AGGRESSIVE;
				CLANG_CXX_LANGUAGE_STANDARD = "gnu++14";
				CLANG_CXX_LIBRARY = "libc++";
				CLANG_ENABLE_MODULES = YES;
				CLANG_ENABLE_OBJC_ARC = YES;
				CLANG_ENABLE_OBJC_WEAK = YES;
				CLANG_WARN_BLOCK_CAPTURE_AUTORELEASING = YES;
				CLANG_WARN_BOOL_CONVERSION = YES;
				CLANG_WARN_COMMA = YES;
				CLANG_WARN_CONSTANT_CONVERSION = YES;
				CLANG_WARN_DEPRECATED_OBJC_IMPLEMENTATIONS = YES;
				CLANG_WARN_DIRECT_OBJC_ISA_USAGE = YES_ERROR;
				CLANG_WARN_DOCUMENTATION_COMMENTS = YES;
				CLANG_WARN_EMPTY_BODY = YES;
				CLANG_WARN_ENUM_CONVERSION = YES;
				CLANG_WARN_INFINITE_RECURSION = YES;
				CLANG_WARN_INT_CONVERSION = YES;
				CLANG_WARN_NON_LITERAL_NULL_CONVERSION = YES;
				CLANG_WARN_OBJC_IMPLICIT_RETAIN_SELF = YES;
				CLANG_WARN_OBJC_LITERAL_CONVERSION = YES;
				CLANG_WARN_OBJC_ROOT_CLASS = YES_ERROR;
				CLANG_WARN_RANGE_LOOP_ANALYSIS = YES;
				CLANG_WARN_STRICT_PROTOTYPES = YES;
				CLANG_WARN_SUSPICIOUS_MOVE = YES;
				CLANG_WARN_UNGUARDED_AVAILABILITY = YES_AGGRESSIVE;
				CLANG_WARN_UNREACHABLE_CODE = YES;
				CLANG_WARN__DUPLICATE_METHOD_MATCH = YES;
				CODE_SIGN_IDENTITY = "iPhone Developer";
				COPY_PHASE_STRIP = NO;
				DEBUG_INFORMATION_FORMAT = "dwarf-with-dsym";
				ENABLE_NS_ASSERTIONS = NO;
				ENABLE_STRICT_OBJC_MSGSEND = YES;
				GCC_C_LANGUAGE_STANDARD = gnu11;
				GCC_NO_COMMON_BLOCKS = YES;
				GCC_WARN_64_TO_32_BIT_CONVERSION = YES;
				GCC_WARN_ABOUT_RETURN_TYPE = YES_ERROR;
				GCC_WARN_UNDECLARED_SELECTOR = YES;
				GCC_WARN_UNINITIALIZED_AUTOS = YES_AGGRESSIVE;
				GCC_WARN_UNUSED_FUNCTION = YES;
				GCC_WARN_UNUSED_VARIABLE = YES;
				IPHONEOS_DEPLOYMENT_TARGET = 12.1;
				MTL_ENABLE_DEBUG_INFO = NO;
				MTL_FAST_MATH = YES;
				SDKROOT = iphoneos;
				SWIFT_COMPILATION_MODE = wholemodule;
				SWIFT_OPTIMIZATION_LEVEL = "-O";
				VALIDATE_PRODUCT = YES;
			};
			name = Release;
		};
		3569CCD0219DA71B0034628B /* Debug */ = {
			isa = XCBuildConfiguration;
			baseConfigurationReference = 48024DBA6B9EBA9E95E147A7 /* Pods-JobsCalendar.debug.xcconfig */;
			buildSettings = {
				ASSETCATALOG_COMPILER_APPICON_NAME = AppIcon;
				CODE_SIGN_STYLE = Automatic;
				INFOPLIST_FILE = JobsCalendar/Info.plist;
				LD_RUNPATH_SEARCH_PATHS = (
					"$(inherited)",
					"@executable_path/Frameworks",
				);
				PRODUCT_BUNDLE_IDENTIFIER = com.leonlee.JobsCalendar;
				PRODUCT_NAME = "$(TARGET_NAME)";
				SWIFT_VERSION = 4.2;
				TARGETED_DEVICE_FAMILY = "1,2";
			};
			name = Debug;
		};
		3569CCD1219DA71B0034628B /* Release */ = {
			isa = XCBuildConfiguration;
			baseConfigurationReference = 5731518369700654DC7F85D9 /* Pods-JobsCalendar.release.xcconfig */;
			buildSettings = {
				ASSETCATALOG_COMPILER_APPICON_NAME = AppIcon;
				CODE_SIGN_STYLE = Automatic;
				INFOPLIST_FILE = JobsCalendar/Info.plist;
				LD_RUNPATH_SEARCH_PATHS = (
					"$(inherited)",
					"@executable_path/Frameworks",
				);
				PRODUCT_BUNDLE_IDENTIFIER = com.leonlee.JobsCalendar;
				PRODUCT_NAME = "$(TARGET_NAME)";
				SWIFT_VERSION = 4.2;
				TARGETED_DEVICE_FAMILY = "1,2";
			};
			name = Release;
		};
/* End XCBuildConfiguration section */

/* Begin XCConfigurationList section */
		3569CCB5219DA71A0034628B /* Build configuration list for PBXProject "JobsCalendar" */ = {
			isa = XCConfigurationList;
			buildConfigurations = (
				3569CCCD219DA71B0034628B /* Debug */,
				3569CCCE219DA71B0034628B /* Release */,
			);
			defaultConfigurationIsVisible = 0;
			defaultConfigurationName = Release;
		};
		3569CCCF219DA71B0034628B /* Build configuration list for PBXNativeTarget "JobsCalendar" */ = {
			isa = XCConfigurationList;
			buildConfigurations = (
				3569CCD0219DA71B0034628B /* Debug */,
				3569CCD1219DA71B0034628B /* Release */,
			);
			defaultConfigurationIsVisible = 0;
			defaultConfigurationName = Release;
		};
/* End XCConfigurationList section */

/* Begin XCVersionGroup section */
		3569CCC4219DA71A0034628B /* JobsCalendar.xcdatamodeld */ = {
			isa = XCVersionGroup;
			children = (
				3569CCC5219DA71A0034628B /* JobsCalendar.xcdatamodel */,
			);
			currentVersion = 3569CCC5219DA71A0034628B /* JobsCalendar.xcdatamodel */;
			path = JobsCalendar.xcdatamodeld;
			sourceTree = "<group>";
			versionGroupType = wrapper.xcdatamodel;
		};
/* End XCVersionGroup section */
	};
	rootObject = 3569CCB2219DA71A0034628B /* Project object */;
}
